// !$*UTF8*$!
{
	archiveVersion = 1;
	classes = {
	};
	objectVersion = 46;
	objects = {

/* Begin PBXBuildFile section */
		1D290B031D1FE2F40039B0DB /* HomePageView.m in Sources */ = {isa = PBXBuildFile; fileRef = 1D290B021D1FE2F40039B0DB /* HomePageView.m */; };
		1D290B061D1FE3370039B0DB /* HomePageController.m in Sources */ = {isa = PBXBuildFile; fileRef = 1D290B051D1FE3370039B0DB /* HomePageController.m */; };
		1D290B091D1FE4C10039B0DB /* HomePageCell.m in Sources */ = {isa = PBXBuildFile; fileRef = 1D290B081D1FE4C10039B0DB /* HomePageCell.m */; };
		1D290B0C1D1FE5280039B0DB /* PostListModel.m in Sources */ = {isa = PBXBuildFile; fileRef = 1D290B0B1D1FE5280039B0DB /* PostListModel.m */; };
		1D4062971D37478100D26554 /* BMUtility.m in Sources */ = {isa = PBXBuildFile; fileRef = 1D4062961D37478100D26554 /* BMUtility.m */; };
		1D40629A1D378E4B00D26554 /* UIColorUtils.m in Sources */ = {isa = PBXBuildFile; fileRef = 1D4062991D378E4B00D26554 /* UIColorUtils.m */; };
		1D40629D1D37E09500D26554 /* BMLayout.m in Sources */ = {isa = PBXBuildFile; fileRef = 1D40629C1D37E09500D26554 /* BMLayout.m */; };
		1D4062A41D38918E00D26554 /* BMLabel.m in Sources */ = {isa = PBXBuildFile; fileRef = 1D4062A31D38918E00D26554 /* BMLabel.m */; };
		1D4062AB1D3A370200D26554 /* BMPhotosLayoutView.m in Sources */ = {isa = PBXBuildFile; fileRef = 1D4062AA1D3A370200D26554 /* BMPhotosLayoutView.m */; };
		1D5E65711D1ED61E008E36A4 /* Assets.xcassets in Resources */ = {isa = PBXBuildFile; fileRef = 1D5E65651D1ED61E008E36A4 /* Assets.xcassets */; };
		1D5E65731D1ED61E008E36A4 /* main.m in Sources */ = {isa = PBXBuildFile; fileRef = 1D5E656F1D1ED61E008E36A4 /* main.m */; };
		1D6B4C731D2D3A7600F05B33 /* cat.jpg in Resources */ = {isa = PBXBuildFile; fileRef = 1D6B4C721D2D3A7600F05B33 /* cat.jpg */; };
		1DAF0EE91D1E906F0072D63F /* AppDelegate.m in Sources */ = {isa = PBXBuildFile; fileRef = 1DAF0EE81D1E906F0072D63F /* AppDelegate.m */; };
		1DAF0EFF1D1E906F0072D63F /* zzzTests.m in Sources */ = {isa = PBXBuildFile; fileRef = 1DAF0EFE1D1E906F0072D63F /* zzzTests.m */; };
		1DAF0F0A1D1E906F0072D63F /* zzzUITests.m in Sources */ = {isa = PBXBuildFile; fileRef = 1DAF0F091D1E906F0072D63F /* zzzUITests.m */; };
		1DD1CA7E1D27BDE000F3A6BA /* UIImage+BMAddition.m in Sources */ = {isa = PBXBuildFile; fileRef = 1DD1CA7D1D27BDE000F3A6BA /* UIImage+BMAddition.m */; };
		1DD1CA841D28BCE800F3A6BA /* UIView+BMAddition.m in Sources */ = {isa = PBXBuildFile; fileRef = 1DD1CA831D28BCE800F3A6BA /* UIView+BMAddition.m */; };
		1DD1CA881D28D06C00F3A6BA /* NSDictionary+BMAddition.m in Sources */ = {isa = PBXBuildFile; fileRef = 1DD1CA871D28D06C00F3A6BA /* NSDictionary+BMAddition.m */; };
		6782B6933ED88599E7F70090 /* libPods-zzz.a in Frameworks */ = {isa = PBXBuildFile; fileRef = A94CE6C67F5F34B998361651 /* libPods-zzz.a */; };
/* End PBXBuildFile section */

/* Begin PBXContainerItemProxy section */
		1DAF0EFB1D1E906F0072D63F /* PBXContainerItemProxy */ = {
			isa = PBXContainerItemProxy;
			containerPortal = 1DAF0ED91D1E906F0072D63F /* Project object */;
			proxyType = 1;
			remoteGlobalIDString = 1DAF0EE01D1E906F0072D63F;
			remoteInfo = zzz;
		};
		1DAF0F061D1E906F0072D63F /* PBXContainerItemProxy */ = {
			isa = PBXContainerItemProxy;
			containerPortal = 1DAF0ED91D1E906F0072D63F /* Project object */;
			proxyType = 1;
			remoteGlobalIDString = 1DAF0EE01D1E906F0072D63F;
			remoteInfo = zzz;
		};
/* End PBXContainerItemProxy section */

/* Begin PBXFileReference section */
		1D290B011D1FE2F40039B0DB /* HomePageView.h */ = {isa = PBXFileReference; fileEncoding = 4; lastKnownFileType = sourcecode.c.h; path = HomePageView.h; sourceTree = "<group>"; };
		1D290B021D1FE2F40039B0DB /* HomePageView.m */ = {isa = PBXFileReference; fileEncoding = 4; lastKnownFileType = sourcecode.c.objc; path = HomePageView.m; sourceTree = "<group>"; };
		1D290B041D1FE3370039B0DB /* HomePageController.h */ = {isa = PBXFileReference; fileEncoding = 4; lastKnownFileType = sourcecode.c.h; path = HomePageController.h; sourceTree = "<group>"; };
		1D290B051D1FE3370039B0DB /* HomePageController.m */ = {isa = PBXFileReference; fileEncoding = 4; lastKnownFileType = sourcecode.c.objc; path = HomePageController.m; sourceTree = "<group>"; };
		1D290B071D1FE4C10039B0DB /* HomePageCell.h */ = {isa = PBXFileReference; fileEncoding = 4; lastKnownFileType = sourcecode.c.h; path = HomePageCell.h; sourceTree = "<group>"; };
		1D290B081D1FE4C10039B0DB /* HomePageCell.m */ = {isa = PBXFileReference; fileEncoding = 4; lastKnownFileType = sourcecode.c.objc; path = HomePageCell.m; sourceTree = "<group>"; };
		1D290B0A1D1FE5280039B0DB /* PostListModel.h */ = {isa = PBXFileReference; fileEncoding = 4; lastKnownFileType = sourcecode.c.h; path = PostListModel.h; sourceTree = "<group>"; };
		1D290B0B1D1FE5280039B0DB /* PostListModel.m */ = {isa = PBXFileReference; fileEncoding = 4; lastKnownFileType = sourcecode.c.objc; path = PostListModel.m; sourceTree = "<group>"; };
		1D4062951D37478100D26554 /* BMUtility.h */ = {isa = PBXFileReference; fileEncoding = 4; lastKnownFileType = sourcecode.c.h; path = BMUtility.h; sourceTree = "<group>"; };
		1D4062961D37478100D26554 /* BMUtility.m */ = {isa = PBXFileReference; fileEncoding = 4; lastKnownFileType = sourcecode.c.objc; path = BMUtility.m; sourceTree = "<group>"; };
		1D4062981D378E4B00D26554 /* UIColorUtils.h */ = {isa = PBXFileReference; fileEncoding = 4; lastKnownFileType = sourcecode.c.h; path = UIColorUtils.h; sourceTree = "<group>"; };
		1D4062991D378E4B00D26554 /* UIColorUtils.m */ = {isa = PBXFileReference; fileEncoding = 4; lastKnownFileType = sourcecode.c.objc; path = UIColorUtils.m; sourceTree = "<group>"; };
		1D40629B1D37E09500D26554 /* BMLayout.h */ = {isa = PBXFileReference; fileEncoding = 4; lastKnownFileType = sourcecode.c.h; path = BMLayout.h; sourceTree = "<group>"; };
		1D40629C1D37E09500D26554 /* BMLayout.m */ = {isa = PBXFileReference; fileEncoding = 4; lastKnownFileType = sourcecode.c.objc; path = BMLayout.m; sourceTree = "<group>"; };
		1D4062A21D38918E00D26554 /* BMLabel.h */ = {isa = PBXFileReference; fileEncoding = 4; lastKnownFileType = sourcecode.c.h; path = BMLabel.h; sourceTree = "<group>"; };
		1D4062A31D38918E00D26554 /* BMLabel.m */ = {isa = PBXFileReference; fileEncoding = 4; lastKnownFileType = sourcecode.c.objc; path = BMLabel.m; sourceTree = "<group>"; };
		1D4062A91D3A370200D26554 /* BMPhotosLayoutView.h */ = {isa = PBXFileReference; fileEncoding = 4; lastKnownFileType = sourcecode.c.h; path = BMPhotosLayoutView.h; sourceTree = "<group>"; };
		1D4062AA1D3A370200D26554 /* BMPhotosLayoutView.m */ = {isa = PBXFileReference; fileEncoding = 4; lastKnownFileType = sourcecode.c.objc; path = BMPhotosLayoutView.m; sourceTree = "<group>"; };
		1D5E65651D1ED61E008E36A4 /* Assets.xcassets */ = {isa = PBXFileReference; lastKnownFileType = folder.assetcatalog; path = Assets.xcassets; sourceTree = "<group>"; };
		1D5E656F1D1ED61E008E36A4 /* main.m */ = {isa = PBXFileReference; fileEncoding = 4; lastKnownFileType = sourcecode.c.objc; path = main.m; sourceTree = "<group>"; };
		1D5E657E1D1ED8E9008E36A4 /* Info.plist */ = {isa = PBXFileReference; fileEncoding = 4; lastKnownFileType = text.plist.xml; path = Info.plist; sourceTree = "<group>"; };
		1D6B4C721D2D3A7600F05B33 /* cat.jpg */ = {isa = PBXFileReference; lastKnownFileType = image.jpeg; path = cat.jpg; sourceTree = "<group>"; };
		1D82C6EA1D3C894E002D4160 /* BMZZZ-Prefix.pch */ = {isa = PBXFileReference; lastKnownFileType = sourcecode.c.h; path = "BMZZZ-Prefix.pch"; sourceTree = "<group>"; };
		1DAF0EE11D1E906F0072D63F /* zzz.app */ = {isa = PBXFileReference; explicitFileType = wrapper.application; includeInIndex = 0; path = zzz.app; sourceTree = BUILT_PRODUCTS_DIR; };
		1DAF0EE71D1E906F0072D63F /* AppDelegate.h */ = {isa = PBXFileReference; lastKnownFileType = sourcecode.c.h; path = AppDelegate.h; sourceTree = "<group>"; };
		1DAF0EE81D1E906F0072D63F /* AppDelegate.m */ = {isa = PBXFileReference; lastKnownFileType = sourcecode.c.objc; path = AppDelegate.m; sourceTree = "<group>"; };
		1DAF0EFA1D1E906F0072D63F /* zzzTests.xctest */ = {isa = PBXFileReference; explicitFileType = wrapper.cfbundle; includeInIndex = 0; path = zzzTests.xctest; sourceTree = BUILT_PRODUCTS_DIR; };
		1DAF0EFE1D1E906F0072D63F /* zzzTests.m */ = {isa = PBXFileReference; lastKnownFileType = sourcecode.c.objc; path = zzzTests.m; sourceTree = "<group>"; };
		1DAF0F001D1E906F0072D63F /* Info.plist */ = {isa = PBXFileReference; lastKnownFileType = text.plist.xml; path = Info.plist; sourceTree = "<group>"; };
		1DAF0F051D1E906F0072D63F /* zzzUITests.xctest */ = {isa = PBXFileReference; explicitFileType = wrapper.cfbundle; includeInIndex = 0; path = zzzUITests.xctest; sourceTree = BUILT_PRODUCTS_DIR; };
		1DAF0F091D1E906F0072D63F /* zzzUITests.m */ = {isa = PBXFileReference; lastKnownFileType = sourcecode.c.objc; path = zzzUITests.m; sourceTree = "<group>"; };
		1DAF0F0B1D1E906F0072D63F /* Info.plist */ = {isa = PBXFileReference; lastKnownFileType = text.plist.xml; path = Info.plist; sourceTree = "<group>"; };
		1DD1CA7C1D27BDE000F3A6BA /* UIImage+BMAddition.h */ = {isa = PBXFileReference; fileEncoding = 4; lastKnownFileType = sourcecode.c.h; path = "UIImage+BMAddition.h"; sourceTree = "<group>"; };
		1DD1CA7D1D27BDE000F3A6BA /* UIImage+BMAddition.m */ = {isa = PBXFileReference; fileEncoding = 4; lastKnownFileType = sourcecode.c.objc; path = "UIImage+BMAddition.m"; sourceTree = "<group>"; };
		1DD1CA821D28BCE800F3A6BA /* UIView+BMAddition.h */ = {isa = PBXFileReference; fileEncoding = 4; lastKnownFileType = sourcecode.c.h; path = "UIView+BMAddition.h"; sourceTree = "<group>"; };
		1DD1CA831D28BCE800F3A6BA /* UIView+BMAddition.m */ = {isa = PBXFileReference; fileEncoding = 4; lastKnownFileType = sourcecode.c.objc; path = "UIView+BMAddition.m"; sourceTree = "<group>"; };
		1DD1CA861D28D06C00F3A6BA /* NSDictionary+BMAddition.h */ = {isa = PBXFileReference; fileEncoding = 4; lastKnownFileType = sourcecode.c.h; path = "NSDictionary+BMAddition.h"; sourceTree = "<group>"; };
		1DD1CA871D28D06C00F3A6BA /* NSDictionary+BMAddition.m */ = {isa = PBXFileReference; fileEncoding = 4; lastKnownFileType = sourcecode.c.objc; path = "NSDictionary+BMAddition.m"; sourceTree = "<group>"; };
		1DD1CA8B1D28D6CC00F3A6BA /* BMMacro.h */ = {isa = PBXFileReference; lastKnownFileType = sourcecode.c.h; path = BMMacro.h; sourceTree = "<group>"; };
		42671157138D7311A9711986 /* Pods-zzz.release.xcconfig */ = {isa = PBXFileReference; includeInIndex = 1; lastKnownFileType = text.xcconfig; name = "Pods-zzz.release.xcconfig"; path = "Pods/Target Support Files/Pods-zzz/Pods-zzz.release.xcconfig"; sourceTree = "<group>"; };
		A94CE6C67F5F34B998361651 /* libPods-zzz.a */ = {isa = PBXFileReference; explicitFileType = archive.ar; includeInIndex = 0; path = "libPods-zzz.a"; sourceTree = BUILT_PRODUCTS_DIR; };
		AF01AD528DC521E85794E18D /* Pods-zzz.debug.xcconfig */ = {isa = PBXFileReference; includeInIndex = 1; lastKnownFileType = text.xcconfig; name = "Pods-zzz.debug.xcconfig"; path = "Pods/Target Support Files/Pods-zzz/Pods-zzz.debug.xcconfig"; sourceTree = "<group>"; };
/* End PBXFileReference section */

/* Begin PBXFrameworksBuildPhase section */
		1DAF0EDE1D1E906F0072D63F /* Frameworks */ = {
			isa = PBXFrameworksBuildPhase;
			buildActionMask = 2147483647;
			files = (
				6782B6933ED88599E7F70090 /* libPods-zzz.a in Frameworks */,
			);
			runOnlyForDeploymentPostprocessing = 0;
		};
		1DAF0EF71D1E906F0072D63F /* Frameworks */ = {
			isa = PBXFrameworksBuildPhase;
			buildActionMask = 2147483647;
			files = (
			);
			runOnlyForDeploymentPostprocessing = 0;
		};
		1DAF0F021D1E906F0072D63F /* Frameworks */ = {
			isa = PBXFrameworksBuildPhase;
			buildActionMask = 2147483647;
			files = (
			);
			runOnlyForDeploymentPostprocessing = 0;
		};
/* End PBXFrameworksBuildPhase section */

/* Begin PBXGroup section */
		1D290B001D1FE2DE0039B0DB /* Cell */ = {
			isa = PBXGroup;
			children = (
				1D290B071D1FE4C10039B0DB /* HomePageCell.h */,
				1D290B081D1FE4C10039B0DB /* HomePageCell.m */,
			);
			path = Cell;
			sourceTree = "<group>";
		};
		1D4062A11D38916D00D26554 /* Inherit */ = {
			isa = PBXGroup;
			children = (
				1D4062A21D38918E00D26554 /* BMLabel.h */,
				1D4062A31D38918E00D26554 /* BMLabel.m */,
			);
			path = Inherit;
			sourceTree = "<group>";
		};
		1D4062A81D3A35DF00D26554 /* Widget */ = {
			isa = PBXGroup;
			children = (
				1D4062A91D3A370200D26554 /* BMPhotosLayoutView.h */,
				1D4062AA1D3A370200D26554 /* BMPhotosLayoutView.m */,
			);
			path = Widget;
			sourceTree = "<group>";
		};
		1D5E65631D1ED61E008E36A4 /* Resources */ = {
			isa = PBXGroup;
			children = (
				1D5E65641D1ED61E008E36A4 /* Image */,
				1D82C6E91D3C8908002D4160 /* Prefix */,
			);
			path = Resources;
			sourceTree = "<group>";
		};
		1D5E65641D1ED61E008E36A4 /* Image */ = {
			isa = PBXGroup;
			children = (
				1D5E65651D1ED61E008E36A4 /* Assets.xcassets */,
				1D6B4C721D2D3A7600F05B33 /* cat.jpg */,
			);
			path = Image;
			sourceTree = "<group>";
		};
		1D5E65661D1ED61E008E36A4 /* Helper */ = {
			isa = PBXGroup;
			children = (
				1D4062A11D38916D00D26554 /* Inherit */,
				1DD1CA891D28D64100F3A6BA /* Macro */,
				1DD1CA851D28CF7900F3A6BA /* Utility */,
				1DD1CA781D27BD9300F3A6BA /* Category */,
			);
			path = Helper;
			sourceTree = "<group>";
		};
		1D5E65671D1ED61E008E36A4 /* Sources */ = {
			isa = PBXGroup;
			children = (
				1D5E65681D1ED61E008E36A4 /* HomePage */,
			);
			path = Sources;
			sourceTree = "<group>";
		};
		1D5E65681D1ED61E008E36A4 /* HomePage */ = {
			isa = PBXGroup;
			children = (
				1D4062A81D3A35DF00D26554 /* Widget */,
				1DD1CA8C1D28DA9800F3A6BA /* Macro */,
				1D290B001D1FE2DE0039B0DB /* Cell */,
				1D5E65691D1ED61E008E36A4 /* Controller */,
				1D5E656A1D1ED61E008E36A4 /* Manager */,
				1D5E656B1D1ED61E008E36A4 /* Model */,
				1D5E656C1D1ED61E008E36A4 /* View */,
			);
			path = HomePage;
			sourceTree = "<group>";
		};
		1D5E65691D1ED61E008E36A4 /* Controller */ = {
			isa = PBXGroup;
			children = (
				1D290B041D1FE3370039B0DB /* HomePageController.h */,
				1D290B051D1FE3370039B0DB /* HomePageController.m */,
			);
			path = Controller;
			sourceTree = "<group>";
		};
		1D5E656A1D1ED61E008E36A4 /* Manager */ = {
			isa = PBXGroup;
			children = (
				1D40629B1D37E09500D26554 /* BMLayout.h */,
				1D40629C1D37E09500D26554 /* BMLayout.m */,
			);
			path = Manager;
			sourceTree = "<group>";
		};
		1D5E656B1D1ED61E008E36A4 /* Model */ = {
			isa = PBXGroup;
			children = (
				1D290B0A1D1FE5280039B0DB /* PostListModel.h */,
				1D290B0B1D1FE5280039B0DB /* PostListModel.m */,
			);
			path = Model;
			sourceTree = "<group>";
		};
		1D5E656C1D1ED61E008E36A4 /* View */ = {
			isa = PBXGroup;
			children = (
				1D290B011D1FE2F40039B0DB /* HomePageView.h */,
				1D290B021D1FE2F40039B0DB /* HomePageView.m */,
			);
			path = View;
			sourceTree = "<group>";
		};
		1D5E656D1D1ED61E008E36A4 /* Supporting Files */ = {
			isa = PBXGroup;
			children = (
				1D5E657E1D1ED8E9008E36A4 /* Info.plist */,
				1D5E656F1D1ED61E008E36A4 /* main.m */,
			);
			path = "Supporting Files";
			sourceTree = "<group>";
		};
		1D5E65701D1ED61E008E36A4 /* Third-Party */ = {
			isa = PBXGroup;
			children = (
			);
			path = "Third-Party";
			sourceTree = "<group>";
		};
		1D82C6E91D3C8908002D4160 /* Prefix */ = {
			isa = PBXGroup;
			children = (
				1D82C6EA1D3C894E002D4160 /* BMZZZ-Prefix.pch */,
			);
			path = Prefix;
			sourceTree = "<group>";
		};
		1DAF0ED81D1E906F0072D63F = {
			isa = PBXGroup;
			children = (
				1DAF0EE31D1E906F0072D63F /* zzz */,
				1DAF0EFD1D1E906F0072D63F /* zzzTests */,
				1DAF0F081D1E906F0072D63F /* zzzUITests */,
				1DAF0EE21D1E906F0072D63F /* Products */,
				ADD9E7E2A51A62906D68BC73 /* Pods */,
				A67151E65CB5C82D15B3D4B6 /* Frameworks */,
			);
			sourceTree = "<group>";
		};
		1DAF0EE21D1E906F0072D63F /* Products */ = {
			isa = PBXGroup;
			children = (
				1DAF0EE11D1E906F0072D63F /* zzz.app */,
				1DAF0EFA1D1E906F0072D63F /* zzzTests.xctest */,
				1DAF0F051D1E906F0072D63F /* zzzUITests.xctest */,
			);
			name = Products;
			sourceTree = "<group>";
		};
		1DAF0EE31D1E906F0072D63F /* zzz */ = {
			isa = PBXGroup;
			children = (
				1D5E65671D1ED61E008E36A4 /* Sources */,
				1D5E65631D1ED61E008E36A4 /* Resources */,
				1D5E65661D1ED61E008E36A4 /* Helper */,
				1D5E656D1D1ED61E008E36A4 /* Supporting Files */,
				1D5E65701D1ED61E008E36A4 /* Third-Party */,
				1DAF0EE71D1E906F0072D63F /* AppDelegate.h */,
				1DAF0EE81D1E906F0072D63F /* AppDelegate.m */,
			);
			path = zzz;
			sourceTree = "<group>";
		};
		1DAF0EFD1D1E906F0072D63F /* zzzTests */ = {
			isa = PBXGroup;
			children = (
				1DAF0EFE1D1E906F0072D63F /* zzzTests.m */,
				1DAF0F001D1E906F0072D63F /* Info.plist */,
			);
			path = zzzTests;
			sourceTree = "<group>";
		};
		1DAF0F081D1E906F0072D63F /* zzzUITests */ = {
			isa = PBXGroup;
			children = (
				1DAF0F091D1E906F0072D63F /* zzzUITests.m */,
				1DAF0F0B1D1E906F0072D63F /* Info.plist */,
			);
			path = zzzUITests;
			sourceTree = "<group>";
		};
		1DD1CA781D27BD9300F3A6BA /* Category */ = {
			isa = PBXGroup;
			children = (
				1DD1CA7C1D27BDE000F3A6BA /* UIImage+BMAddition.h */,
				1DD1CA7D1D27BDE000F3A6BA /* UIImage+BMAddition.m */,
				1DD1CA821D28BCE800F3A6BA /* UIView+BMAddition.h */,
				1DD1CA831D28BCE800F3A6BA /* UIView+BMAddition.m */,
				1DD1CA861D28D06C00F3A6BA /* NSDictionary+BMAddition.h */,
				1DD1CA871D28D06C00F3A6BA /* NSDictionary+BMAddition.m */,
			);
			path = Category;
			sourceTree = "<group>";
		};
		1DD1CA851D28CF7900F3A6BA /* Utility */ = {
			isa = PBXGroup;
			children = (
				1D4062951D37478100D26554 /* BMUtility.h */,
				1D4062961D37478100D26554 /* BMUtility.m */,
				1D4062981D378E4B00D26554 /* UIColorUtils.h */,
				1D4062991D378E4B00D26554 /* UIColorUtils.m */,
			);
			path = Utility;
			sourceTree = "<group>";
		};
		1DD1CA891D28D64100F3A6BA /* Macro */ = {
			isa = PBXGroup;
			children = (
				1DD1CA8B1D28D6CC00F3A6BA /* BMMacro.h */,
			);
			path = Macro;
			sourceTree = "<group>";
		};
		1DD1CA8C1D28DA9800F3A6BA /* Macro */ = {
			isa = PBXGroup;
			children = (
			);
			path = Macro;
			sourceTree = "<group>";
		};
		A67151E65CB5C82D15B3D4B6 /* Frameworks */ = {
			isa = PBXGroup;
			children = (
				A94CE6C67F5F34B998361651 /* libPods-zzz.a */,
			);
			name = Frameworks;
			sourceTree = "<group>";
		};
		ADD9E7E2A51A62906D68BC73 /* Pods */ = {
			isa = PBXGroup;
			children = (
				AF01AD528DC521E85794E18D /* Pods-zzz.debug.xcconfig */,
				42671157138D7311A9711986 /* Pods-zzz.release.xcconfig */,
			);
			name = Pods;
			sourceTree = "<group>";
		};
/* End PBXGroup section */

/* Begin PBXNativeTarget section */
		1DAF0EE01D1E906F0072D63F /* zzz */ = {
			isa = PBXNativeTarget;
			buildConfigurationList = 1DAF0F0E1D1E906F0072D63F /* Build configuration list for PBXNativeTarget "zzz" */;
			buildPhases = (
				B50EE70F0BE2C602C310661E /* Check Pods Manifest.lock */,
				1DAF0EDD1D1E906F0072D63F /* Sources */,
				1DAF0EDE1D1E906F0072D63F /* Frameworks */,
				1DAF0EDF1D1E906F0072D63F /* Resources */,
				E358DD2C46BBA4D2E118C4A3 /* Embed Pods Frameworks */,
				171E95EC14FB2841549B1366 /* Copy Pods Resources */,
			);
			buildRules = (
			);
			dependencies = (
			);
			name = zzz;
			productName = zzz;
			productReference = 1DAF0EE11D1E906F0072D63F /* zzz.app */;
			productType = "com.apple.product-type.application";
		};
		1DAF0EF91D1E906F0072D63F /* zzzTests */ = {
			isa = PBXNativeTarget;
			buildConfigurationList = 1DAF0F111D1E906F0072D63F /* Build configuration list for PBXNativeTarget "zzzTests" */;
			buildPhases = (
				1DAF0EF61D1E906F0072D63F /* Sources */,
				1DAF0EF71D1E906F0072D63F /* Frameworks */,
				1DAF0EF81D1E906F0072D63F /* Resources */,
			);
			buildRules = (
			);
			dependencies = (
				1DAF0EFC1D1E906F0072D63F /* PBXTargetDependency */,
			);
			name = zzzTests;
			productName = zzzTests;
			productReference = 1DAF0EFA1D1E906F0072D63F /* zzzTests.xctest */;
			productType = "com.apple.product-type.bundle.unit-test";
		};
		1DAF0F041D1E906F0072D63F /* zzzUITests */ = {
			isa = PBXNativeTarget;
			buildConfigurationList = 1DAF0F141D1E906F0072D63F /* Build configuration list for PBXNativeTarget "zzzUITests" */;
			buildPhases = (
				1DAF0F011D1E906F0072D63F /* Sources */,
				1DAF0F021D1E906F0072D63F /* Frameworks */,
				1DAF0F031D1E906F0072D63F /* Resources */,
			);
			buildRules = (
			);
			dependencies = (
				1DAF0F071D1E906F0072D63F /* PBXTargetDependency */,
			);
			name = zzzUITests;
			productName = zzzUITests;
			productReference = 1DAF0F051D1E906F0072D63F /* zzzUITests.xctest */;
			productType = "com.apple.product-type.bundle.ui-testing";
		};
/* End PBXNativeTarget section */

/* Begin PBXProject section */
		1DAF0ED91D1E906F0072D63F /* Project object */ = {
			isa = PBXProject;
			attributes = {
				LastUpgradeCheck = 0730;
				ORGANIZATIONNAME = BMu;
				TargetAttributes = {
					1DAF0EE01D1E906F0072D63F = {
						CreatedOnToolsVersion = 7.3.1;
						DevelopmentTeam = UWK9V682NW;
					};
					1DAF0EF91D1E906F0072D63F = {
						CreatedOnToolsVersion = 7.3.1;
						DevelopmentTeam = UWK9V682NW;
						TestTargetID = 1DAF0EE01D1E906F0072D63F;
					};
					1DAF0F041D1E906F0072D63F = {
						CreatedOnToolsVersion = 7.3.1;
						DevelopmentTeam = UWK9V682NW;
						TestTargetID = 1DAF0EE01D1E906F0072D63F;
					};
				};
			};
			buildConfigurationList = 1DAF0EDC1D1E906F0072D63F /* Build configuration list for PBXProject "zzz" */;
			compatibilityVersion = "Xcode 3.2";
			developmentRegion = English;
			hasScannedForEncodings = 0;
			knownRegions = (
				en,
				Base,
			);
			mainGroup = 1DAF0ED81D1E906F0072D63F;
			productRefGroup = 1DAF0EE21D1E906F0072D63F /* Products */;
			projectDirPath = "";
			projectRoot = "";
			targets = (
				1DAF0EE01D1E906F0072D63F /* zzz */,
				1DAF0EF91D1E906F0072D63F /* zzzTests */,
				1DAF0F041D1E906F0072D63F /* zzzUITests */,
			);
		};
/* End PBXProject section */

/* Begin PBXResourcesBuildPhase section */
		1DAF0EDF1D1E906F0072D63F /* Resources */ = {
			isa = PBXResourcesBuildPhase;
			buildActionMask = 2147483647;
			files = (
				1D6B4C731D2D3A7600F05B33 /* cat.jpg in Resources */,
				1D5E65711D1ED61E008E36A4 /* Assets.xcassets in Resources */,
			);
			runOnlyForDeploymentPostprocessing = 0;
		};
		1DAF0EF81D1E906F0072D63F /* Resources */ = {
			isa = PBXResourcesBuildPhase;
			buildActionMask = 2147483647;
			files = (
			);
			runOnlyForDeploymentPostprocessing = 0;
		};
		1DAF0F031D1E906F0072D63F /* Resources */ = {
			isa = PBXResourcesBuildPhase;
			buildActionMask = 2147483647;
			files = (
			);
			runOnlyForDeploymentPostprocessing = 0;
		};
/* End PBXResourcesBuildPhase section */

/* Begin PBXShellScriptBuildPhase section */
		171E95EC14FB2841549B1366 /* Copy Pods Resources */ = {
			isa = PBXShellScriptBuildPhase;
			buildActionMask = 2147483647;
			files = (
			);
			inputPaths = (
			);
			name = "Copy Pods Resources";
			outputPaths = (
			);
			runOnlyForDeploymentPostprocessing = 0;
			shellPath = /bin/sh;
			shellScript = "\"${SRCROOT}/Pods/Target Support Files/Pods-zzz/Pods-zzz-resources.sh\"\n";
			showEnvVarsInLog = 0;
		};
		B50EE70F0BE2C602C310661E /* Check Pods Manifest.lock */ = {
			isa = PBXShellScriptBuildPhase;
			buildActionMask = 2147483647;
			files = (
			);
			inputPaths = (
			);
			name = "Check Pods Manifest.lock";
			outputPaths = (
			);
			runOnlyForDeploymentPostprocessing = 0;
			shellPath = /bin/sh;
			shellScript = "diff \"${PODS_ROOT}/../Podfile.lock\" \"${PODS_ROOT}/Manifest.lock\" > /dev/null\nif [[ $? != 0 ]] ; then\n    cat << EOM\nerror: The sandbox is not in sync with the Podfile.lock. Run 'pod install' or update your CocoaPods installation.\nEOM\n    exit 1\nfi\n";
			showEnvVarsInLog = 0;
		};
		E358DD2C46BBA4D2E118C4A3 /* Embed Pods Frameworks */ = {
			isa = PBXShellScriptBuildPhase;
			buildActionMask = 2147483647;
			files = (
			);
			inputPaths = (
			);
			name = "Embed Pods Frameworks";
			outputPaths = (
			);
			runOnlyForDeploymentPostprocessing = 0;
			shellPath = /bin/sh;
			shellScript = "\"${SRCROOT}/Pods/Target Support Files/Pods-zzz/Pods-zzz-frameworks.sh\"\n";
			showEnvVarsInLog = 0;
		};
/* End PBXShellScriptBuildPhase section */

/* Begin PBXSourcesBuildPhase section */
		1DAF0EDD1D1E906F0072D63F /* Sources */ = {
			isa = PBXSourcesBuildPhase;
			buildActionMask = 2147483647;
			files = (
				1D290B091D1FE4C10039B0DB /* HomePageCell.m in Sources */,
				1D5E65731D1ED61E008E36A4 /* main.m in Sources */,
				1D4062AB1D3A370200D26554 /* BMPhotosLayoutView.m in Sources */,
				1D40629D1D37E09500D26554 /* BMLayout.m in Sources */,
				1D290B061D1FE3370039B0DB /* HomePageController.m in Sources */,
				1D4062971D37478100D26554 /* BMUtility.m in Sources */,
				1D4062A41D38918E00D26554 /* BMLabel.m in Sources */,
				1DD1CA881D28D06C00F3A6BA /* NSDictionary+BMAddition.m in Sources */,
				1DAF0EE91D1E906F0072D63F /* AppDelegate.m in Sources */,
				1D290B031D1FE2F40039B0DB /* HomePageView.m in Sources */,
				1DD1CA841D28BCE800F3A6BA /* UIView+BMAddition.m in Sources */,
				1DD1CA7E1D27BDE000F3A6BA /* UIImage+BMAddition.m in Sources */,
				1D290B0C1D1FE5280039B0DB /* PostListModel.m in Sources */,
				1D40629A1D378E4B00D26554 /* UIColorUtils.m in Sources */,
			);
			runOnlyForDeploymentPostprocessing = 0;
		};
		1DAF0EF61D1E906F0072D63F /* Sources */ = {
			isa = PBXSourcesBuildPhase;
			buildActionMask = 2147483647;
			files = (
				1DAF0EFF1D1E906F0072D63F /* zzzTests.m in Sources */,
			);
			runOnlyForDeploymentPostprocessing = 0;
		};
		1DAF0F011D1E906F0072D63F /* Sources */ = {
			isa = PBXSourcesBuildPhase;
			buildActionMask = 2147483647;
			files = (
				1DAF0F0A1D1E906F0072D63F /* zzzUITests.m in Sources */,
			);
			runOnlyForDeploymentPostprocessing = 0;
		};
/* End PBXSourcesBuildPhase section */

/* Begin PBXTargetDependency section */
		1DAF0EFC1D1E906F0072D63F /* PBXTargetDependency */ = {
			isa = PBXTargetDependency;
			target = 1DAF0EE01D1E906F0072D63F /* zzz */;
			targetProxy = 1DAF0EFB1D1E906F0072D63F /* PBXContainerItemProxy */;
		};
		1DAF0F071D1E906F0072D63F /* PBXTargetDependency */ = {
			isa = PBXTargetDependency;
			target = 1DAF0EE01D1E906F0072D63F /* zzz */;
			targetProxy = 1DAF0F061D1E906F0072D63F /* PBXContainerItemProxy */;
		};
/* End PBXTargetDependency section */

/* Begin XCBuildConfiguration section */
		1DAF0F0C1D1E906F0072D63F /* Debug */ = {
			isa = XCBuildConfiguration;
			buildSettings = {
				ALWAYS_SEARCH_USER_PATHS = NO;
				CLANG_ANALYZER_NONNULL = YES;
				CLANG_CXX_LANGUAGE_STANDARD = "gnu++0x";
				CLANG_CXX_LIBRARY = "libc++";
				CLANG_ENABLE_MODULES = YES;
				CLANG_ENABLE_OBJC_ARC = YES;
				CLANG_WARN_BOOL_CONVERSION = YES;
				CLANG_WARN_CONSTANT_CONVERSION = YES;
				CLANG_WARN_DIRECT_OBJC_ISA_USAGE = YES_ERROR;
				CLANG_WARN_EMPTY_BODY = YES;
				CLANG_WARN_ENUM_CONVERSION = YES;
				CLANG_WARN_INT_CONVERSION = YES;
				CLANG_WARN_OBJC_ROOT_CLASS = YES_ERROR;
				CLANG_WARN_UNREACHABLE_CODE = YES;
				CLANG_WARN__DUPLICATE_METHOD_MATCH = YES;
				"CODE_SIGN_IDENTITY[sdk=iphoneos*]" = "iPhone Developer";
				COPY_PHASE_STRIP = NO;
				DEBUG_INFORMATION_FORMAT = dwarf;
				ENABLE_STRICT_OBJC_MSGSEND = YES;
				ENABLE_TESTABILITY = YES;
				GCC_C_LANGUAGE_STANDARD = gnu99;
				GCC_DYNAMIC_NO_PIC = NO;
				GCC_NO_COMMON_BLOCKS = YES;
				GCC_OPTIMIZATION_LEVEL = 0;
				GCC_PRECOMPILE_PREFIX_HEADER = YES;
				GCC_PREFIX_HEADER = "zzz/Resources/Prefix/BMZZZ-Prefix.pch";
				GCC_PREPROCESSOR_DEFINITIONS = (
					"DEBUG=1",
					"$(inherited)",
				);
				GCC_WARN_64_TO_32_BIT_CONVERSION = YES;
				GCC_WARN_ABOUT_RETURN_TYPE = YES_ERROR;
				GCC_WARN_UNDECLARED_SELECTOR = YES;
				GCC_WARN_UNINITIALIZED_AUTOS = YES_AGGRESSIVE;
				GCC_WARN_UNUSED_FUNCTION = YES;
				GCC_WARN_UNUSED_VARIABLE = YES;
				IPHONEOS_DEPLOYMENT_TARGET = 7.0;
				MTL_ENABLE_DEBUG_INFO = YES;
				ONLY_ACTIVE_ARCH = YES;
				PROVISIONING_PROFILE = "";
				SDKROOT = iphoneos;
			};
			name = Debug;
		};
		1DAF0F0D1D1E906F0072D63F /* Release */ = {
			isa = XCBuildConfiguration;
			buildSettings = {
				ALWAYS_SEARCH_USER_PATHS = NO;
				CLANG_ANALYZER_NONNULL = YES;
				CLANG_CXX_LANGUAGE_STANDARD = "gnu++0x";
				CLANG_CXX_LIBRARY = "libc++";
				CLANG_ENABLE_MODULES = YES;
				CLANG_ENABLE_OBJC_ARC = YES;
				CLANG_WARN_BOOL_CONVERSION = YES;
				CLANG_WARN_CONSTANT_CONVERSION = YES;
				CLANG_WARN_DIRECT_OBJC_ISA_USAGE = YES_ERROR;
				CLANG_WARN_EMPTY_BODY = YES;
				CLANG_WARN_ENUM_CONVERSION = YES;
				CLANG_WARN_INT_CONVERSION = YES;
				CLANG_WARN_OBJC_ROOT_CLASS = YES_ERROR;
				CLANG_WARN_UNREACHABLE_CODE = YES;
				CLANG_WARN__DUPLICATE_METHOD_MATCH = YES;
				"CODE_SIGN_IDENTITY[sdk=iphoneos*]" = "iPhone Developer";
				COPY_PHASE_STRIP = NO;
				DEBUG_INFORMATION_FORMAT = "dwarf-with-dsym";
				ENABLE_NS_ASSERTIONS = NO;
				ENABLE_STRICT_OBJC_MSGSEND = YES;
				GCC_C_LANGUAGE_STANDARD = gnu99;
				GCC_NO_COMMON_BLOCKS = YES;
				GCC_PRECOMPILE_PREFIX_HEADER = YES;
				GCC_PREFIX_HEADER = "zzz/Resources/Prefix/BMZZZ-Prefix.pch";
				GCC_WARN_64_TO_32_BIT_CONVERSION = YES;
				GCC_WARN_ABOUT_RETURN_TYPE = YES_ERROR;
				GCC_WARN_UNDECLARED_SELECTOR = YES;
				GCC_WARN_UNINITIALIZED_AUTOS = YES_AGGRESSIVE;
				GCC_WARN_UNUSED_FUNCTION = YES;
				GCC_WARN_UNUSED_VARIABLE = YES;
				IPHONEOS_DEPLOYMENT_TARGET = 7.0;
				MTL_ENABLE_DEBUG_INFO = NO;
				PROVISIONING_PROFILE = "";
				SDKROOT = iphoneos;
				VALIDATE_PRODUCT = YES;
			};
			name = Release;
		};
		1DAF0F0F1D1E906F0072D63F /* Debug */ = {
			isa = XCBuildConfiguration;
			baseConfigurationReference = AF01AD528DC521E85794E18D /* Pods-zzz.debug.xcconfig */;
			buildSettings = {
				ASSETCATALOG_COMPILER_APPICON_NAME = AppIcon;
				ASSETCATALOG_COMPILER_LAUNCHIMAGE_NAME = LaunchImage;
				CODE_SIGN_IDENTITY = "iPhone Developer";
				"CODE_SIGN_IDENTITY[sdk=iphoneos*]" = "iPhone Developer";
				INFOPLIST_FILE = "$(SRCROOT)/zzz/Supporting Files/Info.plist";
				IPHONEOS_DEPLOYMENT_TARGET = 7.0;
				LD_RUNPATH_SEARCH_PATHS = "$(inherited) @executable_path/Frameworks";
				PRODUCT_BUNDLE_IDENTIFIER = com.bmu.zzz;
				PRODUCT_NAME = "$(TARGET_NAME)";
				PROVISIONING_PROFILE = "";
			};
			name = Debug;
		};
		1DAF0F101D1E906F0072D63F /* Release */ = {
			isa = XCBuildConfiguration;
			baseConfigurationReference = 42671157138D7311A9711986 /* Pods-zzz.release.xcconfig */;
			buildSettings = {
				ASSETCATALOG_COMPILER_APPICON_NAME = AppIcon;
				ASSETCATALOG_COMPILER_LAUNCHIMAGE_NAME = LaunchImage;
				CODE_SIGN_IDENTITY = "iPhone Developer";
				"CODE_SIGN_IDENTITY[sdk=iphoneos*]" = "iPhone Developer";
				INFOPLIST_FILE = "$(SRCROOT)/zzz/Supporting Files/Info.plist";
				IPHONEOS_DEPLOYMENT_TARGET = 7.0;
				LD_RUNPATH_SEARCH_PATHS = "$(inherited) @executable_path/Frameworks";
				PRODUCT_BUNDLE_IDENTIFIER = com.bmu.zzz;
				PRODUCT_NAME = "$(TARGET_NAME)";
				PROVISIONING_PROFILE = "";
			};
			name = Release;
		};
		1DAF0F121D1E906F0072D63F /* Debug */ = {
			isa = XCBuildConfiguration;
			buildSettings = {
				BUNDLE_LOADER = "$(TEST_HOST)";
				INFOPLIST_FILE = zzzTests/Info.plist;
				LD_RUNPATH_SEARCH_PATHS = "$(inherited) @executable_path/Frameworks @loader_path/Frameworks";
				PRODUCT_BUNDLE_IDENTIFIER = com.bmu.zzzTests;
				PRODUCT_NAME = "$(TARGET_NAME)";
				TEST_HOST = "$(BUILT_PRODUCTS_DIR)/zzz.app/zzz";
			};
			name = Debug;
		};
		1DAF0F131D1E906F0072D63F /* Release */ = {
			isa = XCBuildConfiguration;
			buildSettings = {
				BUNDLE_LOADER = "$(TEST_HOST)";
				INFOPLIST_FILE = zzzTests/Info.plist;
				LD_RUNPATH_SEARCH_PATHS = "$(inherited) @executable_path/Frameworks @loader_path/Frameworks";
				PRODUCT_BUNDLE_IDENTIFIER = com.bmu.zzzTests;
				PRODUCT_NAME = "$(TARGET_NAME)";
				TEST_HOST = "$(BUILT_PRODUCTS_DIR)/zzz.app/zzz";
			};
			name = Release;
		};
		1DAF0F151D1E906F0072D63F /* Debug */ = {
			isa = XCBuildConfiguration;
			buildSettings = {
				INFOPLIST_FILE = zzzUITests/Info.plist;
				LD_RUNPATH_SEARCH_PATHS = "$(inherited) @executable_path/Frameworks @loader_path/Frameworks";
				PRODUCT_BUNDLE_IDENTIFIER = com.bmu.zzzUITests;
				PRODUCT_NAME = "$(TARGET_NAME)";
				TEST_TARGET_NAME = zzz;
			};
			name = Debug;
		};
		1DAF0F161D1E906F0072D63F /* Release */ = {
			isa = XCBuildConfiguration;
			buildSettings = {
				INFOPLIST_FILE = zzzUITests/Info.plist;
				LD_RUNPATH_SEARCH_PATHS = "$(inherited) @executable_path/Frameworks @loader_path/Frameworks";
				PRODUCT_BUNDLE_IDENTIFIER = com.bmu.zzzUITests;
				PRODUCT_NAME = "$(TARGET_NAME)";
				TEST_TARGET_NAME = zzz;
			};
			name = Release;
		};
/* End XCBuildConfiguration section */

/* Begin XCConfigurationList section */
		1DAF0EDC1D1E906F0072D63F /* Build configuration list for PBXProject "zzz" */ = {
			isa = XCConfigurationList;
			buildConfigurations = (
				1DAF0F0C1D1E906F0072D63F /* Debug */,
				1DAF0F0D1D1E906F0072D63F /* Release */,
			);
			defaultConfigurationIsVisible = 0;
			defaultConfigurationName = Release;
		};
		1DAF0F0E1D1E906F0072D63F /* Build configuration list for PBXNativeTarget "zzz" */ = {
			isa = XCConfigurationList;
			buildConfigurations = (
				1DAF0F0F1D1E906F0072D63F /* Debug */,
				1DAF0F101D1E906F0072D63F /* Release */,
			);
			defaultConfigurationIsVisible = 0;
			defaultConfigurationName = Release;
		};
		1DAF0F111D1E906F0072D63F /* Build configuration list for PBXNativeTarget "zzzTests" */ = {
			isa = XCConfigurationList;
			buildConfigurations = (
				1DAF0F121D1E906F0072D63F /* Debug */,
				1DAF0F131D1E906F0072D63F /* Release */,
			);
			defaultConfigurationIsVisible = 0;
			defaultConfigurationName = Release;
		};
		1DAF0F141D1E906F0072D63F /* Build configuration list for PBXNativeTarget "zzzUITests" */ = {
			isa = XCConfigurationList;
			buildConfigurations = (
				1DAF0F151D1E906F0072D63F /* Debug */,
				1DAF0F161D1E906F0072D63F /* Release */,
			);
			defaultConfigurationIsVisible = 0;
			defaultConfigurationName = Release;
		};
/* End XCConfigurationList section */
	};
	rootObject = 1DAF0ED91D1E906F0072D63F /* Project object */;
}
